
Microsoft Visual Studio Solution File, Format Version 12.00
# Visual Studio Version 17
VisualStudioVersion = 17.4.33213.308
MinimumVisualStudioVersion = 10.0.40219.1
Project("{FAE04EC0-301F-11D3-BF4B-00C04F79EFBC}") = "OnlineStore.Api", "OnlineStore.Api\OnlineStore.Api.csproj", "{4DF6A6F6-BBE0-46CC-843E-B577E0ACB57A}"
EndProject
Global
	GlobalSection(SolutionConfigurationPlatforms) = preSolution
		Debug|Any CPU = Debug|Any CPU
		Release|Any CPU = Release|Any CPU
	EndGlobalSection
	GlobalSection(ProjectConfigurationPlatforms) = postSolution
		{4DF6A6F6-BBE0-46CC-843E-B577E0ACB57A}.Debug|Any CPU.ActiveCfg = Debug|Any CPU
		{4DF6A6F6-BBE0-46CC-843E-B577E0ACB57A}.Debug|Any CPU.Build.0 = Debug|Any CPU
		{4DF6A6F6-BBE0-46CC-843E-B577E0ACB57A}.Release|Any CPU.ActiveCfg = Release|Any CPU
		{4DF6A6F6-BBE0-46CC-843E-B577E0ACB57A}.Release|Any CPU.Build.0 = Release|Any CPU
	EndGlobalSection
	GlobalSection(SolutionProperties) = preSolution
		HideSolutionNode = FALSE
	EndGlobalSection
	GlobalSection(ExtensibilityGlobals) = postSolution
		SolutionGuid = {F57231F7-72EA-459D-A745-97DCDF0DF6E3}
	EndGlobalSection
EndGlobal
