
Microsoft Visual Studio Solution File, Format Version 12.00
# Visual Studio Version 17
VisualStudioVersion = 17.4.33213.308
MinimumVisualStudioVersion = 10.0.40219.1
Project("{9A19103F-16F7-4668-BE54-9A1E7A4F7556}") = "OnlineStore.Api", "OnlineStore.Api.csproj", "{8F9A4157-0F39-4717-ACEB-0531A240994B}"
EndProject
Project("{9A19103F-16F7-4668-BE54-9A1E7A4F7556}") = "OnlineStore.Domain", "..\OnlineStore.Domain\OnlineStore.Domain.csproj", "{47969BB1-7C51-4B18-93C3-B6FCB7BF184C}"
EndProject
Project("{9A19103F-16F7-4668-BE54-9A1E7A4F7556}") = "OnlineStore.Infrastructure", "..\OnlineStore.Infrastructure\OnlineStore.Infrastructure.csproj", "{58DF7E1A-B809-4ED8-B430-87F4E754F7EC}"
EndProject
Project("{FAE04EC0-301F-11D3-BF4B-00C04F79EFBC}") = "OnlineStore.Application", "..\OnlineStore.Application\OnlineStore.Application.csproj", "{D3B4A81A-BDF2-4DD5-8048-A4D831077202}"
EndProject
Global
	GlobalSection(SolutionConfigurationPlatforms) = preSolution
		Debug|Any CPU = Debug|Any CPU
		Release|Any CPU = Release|Any CPU
	EndGlobalSection
	GlobalSection(ProjectConfigurationPlatforms) = postSolution
		{8F9A4157-0F39-4717-ACEB-0531A240994B}.Debug|Any CPU.ActiveCfg = Debug|Any CPU
		{8F9A4157-0F39-4717-ACEB-0531A240994B}.Debug|Any CPU.Build.0 = Debug|Any CPU
		{8F9A4157-0F39-4717-ACEB-0531A240994B}.Release|Any CPU.ActiveCfg = Release|Any CPU
		{8F9A4157-0F39-4717-ACEB-0531A240994B}.Release|Any CPU.Build.0 = Release|Any CPU
		{47969BB1-7C51-4B18-93C3-B6FCB7BF184C}.Debug|Any CPU.ActiveCfg = Debug|Any CPU
		{47969BB1-7C51-4B18-93C3-B6FCB7BF184C}.Debug|Any CPU.Build.0 = Debug|Any CPU
		{47969BB1-7C51-4B18-93C3-B6FCB7BF184C}.Release|Any CPU.ActiveCfg = Release|Any CPU
		{47969BB1-7C51-4B18-93C3-B6FCB7BF184C}.Release|Any CPU.Build.0 = Release|Any CPU
		{58DF7E1A-B809-4ED8-B430-87F4E754F7EC}.Debug|Any CPU.ActiveCfg = Debug|Any CPU
		{58DF7E1A-B809-4ED8-B430-87F4E754F7EC}.Debug|Any CPU.Build.0 = Debug|Any CPU
		{58DF7E1A-B809-4ED8-B430-87F4E754F7EC}.Release|Any CPU.ActiveCfg = Release|Any CPU
		{58DF7E1A-B809-4ED8-B430-87F4E754F7EC}.Release|Any CPU.Build.0 = Release|Any CPU
		{D3B4A81A-BDF2-4DD5-8048-A4D831077202}.Debug|Any CPU.ActiveCfg = Debug|Any CPU
		{D3B4A81A-BDF2-4DD5-8048-A4D831077202}.Debug|Any CPU.Build.0 = Debug|Any CPU
		{D3B4A81A-BDF2-4DD5-8048-A4D831077202}.Release|Any CPU.ActiveCfg = Release|Any CPU
		{D3B4A81A-BDF2-4DD5-8048-A4D831077202}.Release|Any CPU.Build.0 = Release|Any CPU
	EndGlobalSection
	GlobalSection(SolutionProperties) = preSolution
		HideSolutionNode = FALSE
	EndGlobalSection
	GlobalSection(ExtensibilityGlobals) = postSolution
		SolutionGuid = {EC5814B4-3ED5-4BEC-9522-F78AC14979DD}
	EndGlobalSection
EndGlobal
